
Microsoft Visual Studio Solution File, Format Version 12.00
# Visual Studio Version 17
VisualStudioVersion = 17.10.35013.160
MinimumVisualStudioVersion = 10.0.40219.1
Project("{9A19103F-16F7-4668-BE54-9A1E7A4F7556}") = "Day1", "Day1\Day1.csproj", "{3B96F40F-1C95-4D93-A830-B9EF383CDA54}"
EndProject
Project("{9A19103F-16F7-4668-BE54-9A1E7A4F7556}") = "Day1b", "Day1b\Day1b.csproj", "{0BBCF48E-E6D8-4BB3-BA7F-763E0A62DE18}"
EndProject
Project("{9A19103F-16F7-4668-BE54-9A1E7A4F7556}") = "Day2", "Day2\Day2.csproj", "{8EB1A5B1-3E85-4370-8E51-DC73AC9872C9}"
EndProject
Project("{9A19103F-16F7-4668-BE54-9A1E7A4F7556}") = "Day2b", "Day2b\Day2b.csproj", "{A61E70FD-EC34-4421-962A-BD4264D39E5A}"
EndProject
Project("{9A19103F-16F7-4668-BE54-9A1E7A4F7556}") = "Day3", "Day3\Day3.csproj", "{C744A9D8-E383-49B8-8A56-5E3A142FB2CA}"
EndProject
Project("{9A19103F-16F7-4668-BE54-9A1E7A4F7556}") = "Day4", "Day4\Day4.csproj", "{BC3DC71F-3FC7-4545-ABA7-CE043B9A08FC}"
EndProject
Project("{9A19103F-16F7-4668-BE54-9A1E7A4F7556}") = "Day4b", "Day4b\Day4b.csproj", "{2EA80878-9533-4FB3-9876-D45A78D918A7}"
EndProject
Project("{9A19103F-16F7-4668-BE54-9A1E7A4F7556}") = "Day5", "Day5\Day5.csproj", "{C4C7DA65-1291-440B-8618-60E5B001E166}"
EndProject
Project("{9A19103F-16F7-4668-BE54-9A1E7A4F7556}") = "Day5b", "Day5b\Day5b.csproj", "{F04526F7-154C-4913-8B82-5686AA4E3122}"
EndProject
Project("{9A19103F-16F7-4668-BE54-9A1E7A4F7556}") = "Day6", "Day6\Day6.csproj", "{3E93A600-B507-4862-BEF3-91B7F859AB6B}"
EndProject
Project("{9A19103F-16F7-4668-BE54-9A1E7A4F7556}") = "Day6b", "Day6b\Day6b.csproj", "{525E318C-611B-4F62-9FC3-B13BD3953D84}"
EndProject
Project("{9A19103F-16F7-4668-BE54-9A1E7A4F7556}") = "WpfShaderDemo", "RenderWPF\WpfShaderDemo.csproj", "{2E450F31-81A7-4C20-982F-670531993575}"
EndProject
Project("{9A19103F-16F7-4668-BE54-9A1E7A4F7556}") = "Day7", "Day7\Day7.csproj", "{D0B3BF1B-5236-4FCB-A28D-D2C5B279A745}"
EndProject
Project("{9A19103F-16F7-4668-BE54-9A1E7A4F7556}") = "Day7b", "Day7b\Day7b.csproj", "{8FF314E9-7BE5-4605-AE40-D0B0C4C636DC}"
EndProject
Project("{9A19103F-16F7-4668-BE54-9A1E7A4F7556}") = "Day7bWPF", "Day7bWPF\Day7bWPF.csproj", "{45B022AD-0494-4838-924D-A0F4557561D6}"
EndProject
Project("{9A19103F-16F7-4668-BE54-9A1E7A4F7556}") = "Day8", "Day8\Day8.csproj", "{58079840-D591-4855-A833-E1144E6621DB}"
EndProject
Project("{9A19103F-16F7-4668-BE54-9A1E7A4F7556}") = "Day8b", "Day8b\Day8b.csproj", "{42744735-CC18-4F33-BB9E-E84369C3144D}"
EndProject
Project("{9A19103F-16F7-4668-BE54-9A1E7A4F7556}") = "Day9", "Day9\Day9.csproj", "{74A39F16-A1E2-4E3F-8505-D2A96E3FCFD3}"
EndProject
Project("{9A19103F-16F7-4668-BE54-9A1E7A4F7556}") = "Day9b", "Day9b\Day9b.csproj", "{DE8231B7-685A-40B6-B652-B08649A6A982}"
EndProject
Project("{9A19103F-16F7-4668-BE54-9A1E7A4F7556}") = "Day10", "Day10\Day10.csproj", "{77F3A672-8FC6-4B7A-A9B6-1444BCC1E3CB}"
EndProject
Project("{FAE04EC0-301F-11D3-BF4B-00C04F79EFBC}") = "Day10b", "Day10b\Day10b.csproj", "{EEDB093F-3DF3-4B04-B3AE-5699CF328B7C}"
EndProject
Global
	GlobalSection(SolutionConfigurationPlatforms) = preSolution
		Debug|Any CPU = Debug|Any CPU
		Release|Any CPU = Release|Any CPU
	EndGlobalSection
	GlobalSection(ProjectConfigurationPlatforms) = postSolution
		{3B96F40F-1C95-4D93-A830-B9EF383CDA54}.Debug|Any CPU.ActiveCfg = Debug|Any CPU
		{3B96F40F-1C95-4D93-A830-B9EF383CDA54}.Debug|Any CPU.Build.0 = Debug|Any CPU
		{3B96F40F-1C95-4D93-A830-B9EF383CDA54}.Release|Any CPU.ActiveCfg = Release|Any CPU
		{3B96F40F-1C95-4D93-A830-B9EF383CDA54}.Release|Any CPU.Build.0 = Release|Any CPU
		{0BBCF48E-E6D8-4BB3-BA7F-763E0A62DE18}.Debug|Any CPU.ActiveCfg = Debug|Any CPU
		{0BBCF48E-E6D8-4BB3-BA7F-763E0A62DE18}.Debug|Any CPU.Build.0 = Debug|Any CPU
		{0BBCF48E-E6D8-4BB3-BA7F-763E0A62DE18}.Release|Any CPU.ActiveCfg = Release|Any CPU
		{0BBCF48E-E6D8-4BB3-BA7F-763E0A62DE18}.Release|Any CPU.Build.0 = Release|Any CPU
		{8EB1A5B1-3E85-4370-8E51-DC73AC9872C9}.Debug|Any CPU.ActiveCfg = Debug|Any CPU
		{8EB1A5B1-3E85-4370-8E51-DC73AC9872C9}.Debug|Any CPU.Build.0 = Debug|Any CPU
		{8EB1A5B1-3E85-4370-8E51-DC73AC9872C9}.Release|Any CPU.ActiveCfg = Release|Any CPU
		{8EB1A5B1-3E85-4370-8E51-DC73AC9872C9}.Release|Any CPU.Build.0 = Release|Any CPU
		{A61E70FD-EC34-4421-962A-BD4264D39E5A}.Debug|Any CPU.ActiveCfg = Debug|Any CPU
		{A61E70FD-EC34-4421-962A-BD4264D39E5A}.Debug|Any CPU.Build.0 = Debug|Any CPU
		{A61E70FD-EC34-4421-962A-BD4264D39E5A}.Release|Any CPU.ActiveCfg = Release|Any CPU
		{A61E70FD-EC34-4421-962A-BD4264D39E5A}.Release|Any CPU.Build.0 = Release|Any CPU
		{C744A9D8-E383-49B8-8A56-5E3A142FB2CA}.Debug|Any CPU.ActiveCfg = Debug|Any CPU
		{C744A9D8-E383-49B8-8A56-5E3A142FB2CA}.Debug|Any CPU.Build.0 = Debug|Any CPU
		{C744A9D8-E383-49B8-8A56-5E3A142FB2CA}.Release|Any CPU.ActiveCfg = Release|Any CPU
		{C744A9D8-E383-49B8-8A56-5E3A142FB2CA}.Release|Any CPU.Build.0 = Release|Any CPU
		{BC3DC71F-3FC7-4545-ABA7-CE043B9A08FC}.Debug|Any CPU.ActiveCfg = Debug|Any CPU
		{BC3DC71F-3FC7-4545-ABA7-CE043B9A08FC}.Debug|Any CPU.Build.0 = Debug|Any CPU
		{BC3DC71F-3FC7-4545-ABA7-CE043B9A08FC}.Release|Any CPU.ActiveCfg = Release|Any CPU
		{BC3DC71F-3FC7-4545-ABA7-CE043B9A08FC}.Release|Any CPU.Build.0 = Release|Any CPU
		{2EA80878-9533-4FB3-9876-D45A78D918A7}.Debug|Any CPU.ActiveCfg = Debug|Any CPU
		{2EA80878-9533-4FB3-9876-D45A78D918A7}.Debug|Any CPU.Build.0 = Debug|Any CPU
		{2EA80878-9533-4FB3-9876-D45A78D918A7}.Release|Any CPU.ActiveCfg = Release|Any CPU
		{2EA80878-9533-4FB3-9876-D45A78D918A7}.Release|Any CPU.Build.0 = Release|Any CPU
		{C4C7DA65-1291-440B-8618-60E5B001E166}.Debug|Any CPU.ActiveCfg = Debug|Any CPU
		{C4C7DA65-1291-440B-8618-60E5B001E166}.Debug|Any CPU.Build.0 = Debug|Any CPU
		{C4C7DA65-1291-440B-8618-60E5B001E166}.Release|Any CPU.ActiveCfg = Release|Any CPU
		{C4C7DA65-1291-440B-8618-60E5B001E166}.Release|Any CPU.Build.0 = Release|Any CPU
		{F04526F7-154C-4913-8B82-5686AA4E3122}.Debug|Any CPU.ActiveCfg = Debug|Any CPU
		{F04526F7-154C-4913-8B82-5686AA4E3122}.Debug|Any CPU.Build.0 = Debug|Any CPU
		{F04526F7-154C-4913-8B82-5686AA4E3122}.Release|Any CPU.ActiveCfg = Release|Any CPU
		{F04526F7-154C-4913-8B82-5686AA4E3122}.Release|Any CPU.Build.0 = Release|Any CPU
		{3E93A600-B507-4862-BEF3-91B7F859AB6B}.Debug|Any CPU.ActiveCfg = Debug|Any CPU
		{3E93A600-B507-4862-BEF3-91B7F859AB6B}.Debug|Any CPU.Build.0 = Debug|Any CPU
		{3E93A600-B507-4862-BEF3-91B7F859AB6B}.Release|Any CPU.ActiveCfg = Release|Any CPU
		{3E93A600-B507-4862-BEF3-91B7F859AB6B}.Release|Any CPU.Build.0 = Release|Any CPU
		{525E318C-611B-4F62-9FC3-B13BD3953D84}.Debug|Any CPU.ActiveCfg = Debug|Any CPU
		{525E318C-611B-4F62-9FC3-B13BD3953D84}.Debug|Any CPU.Build.0 = Debug|Any CPU
		{525E318C-611B-4F62-9FC3-B13BD3953D84}.Release|Any CPU.ActiveCfg = Release|Any CPU
		{525E318C-611B-4F62-9FC3-B13BD3953D84}.Release|Any CPU.Build.0 = Release|Any CPU
		{2E450F31-81A7-4C20-982F-670531993575}.Debug|Any CPU.ActiveCfg = Debug|Any CPU
		{2E450F31-81A7-4C20-982F-670531993575}.Debug|Any CPU.Build.0 = Debug|Any CPU
		{2E450F31-81A7-4C20-982F-670531993575}.Release|Any CPU.ActiveCfg = Release|Any CPU
		{2E450F31-81A7-4C20-982F-670531993575}.Release|Any CPU.Build.0 = Release|Any CPU
		{D0B3BF1B-5236-4FCB-A28D-D2C5B279A745}.Debug|Any CPU.ActiveCfg = Debug|Any CPU
		{D0B3BF1B-5236-4FCB-A28D-D2C5B279A745}.Debug|Any CPU.Build.0 = Debug|Any CPU
		{D0B3BF1B-5236-4FCB-A28D-D2C5B279A745}.Release|Any CPU.ActiveCfg = Release|Any CPU
		{D0B3BF1B-5236-4FCB-A28D-D2C5B279A745}.Release|Any CPU.Build.0 = Release|Any CPU
		{8FF314E9-7BE5-4605-AE40-D0B0C4C636DC}.Debug|Any CPU.ActiveCfg = Debug|Any CPU
		{8FF314E9-7BE5-4605-AE40-D0B0C4C636DC}.Debug|Any CPU.Build.0 = Debug|Any CPU
		{8FF314E9-7BE5-4605-AE40-D0B0C4C636DC}.Release|Any CPU.ActiveCfg = Release|Any CPU
		{8FF314E9-7BE5-4605-AE40-D0B0C4C636DC}.Release|Any CPU.Build.0 = Release|Any CPU
		{45B022AD-0494-4838-924D-A0F4557561D6}.Debug|Any CPU.ActiveCfg = Debug|Any CPU
		{45B022AD-0494-4838-924D-A0F4557561D6}.Debug|Any CPU.Build.0 = Debug|Any CPU
		{45B022AD-0494-4838-924D-A0F4557561D6}.Release|Any CPU.ActiveCfg = Release|Any CPU
		{45B022AD-0494-4838-924D-A0F4557561D6}.Release|Any CPU.Build.0 = Release|Any CPU
		{58079840-D591-4855-A833-E1144E6621DB}.Debug|Any CPU.ActiveCfg = Debug|Any CPU
		{58079840-D591-4855-A833-E1144E6621DB}.Debug|Any CPU.Build.0 = Debug|Any CPU
		{58079840-D591-4855-A833-E1144E6621DB}.Release|Any CPU.ActiveCfg = Release|Any CPU
		{58079840-D591-4855-A833-E1144E6621DB}.Release|Any CPU.Build.0 = Release|Any CPU
		{42744735-CC18-4F33-BB9E-E84369C3144D}.Debug|Any CPU.ActiveCfg = Debug|Any CPU
		{42744735-CC18-4F33-BB9E-E84369C3144D}.Debug|Any CPU.Build.0 = Debug|Any CPU
		{42744735-CC18-4F33-BB9E-E84369C3144D}.Release|Any CPU.ActiveCfg = Release|Any CPU
		{42744735-CC18-4F33-BB9E-E84369C3144D}.Release|Any CPU.Build.0 = Release|Any CPU
		{74A39F16-A1E2-4E3F-8505-D2A96E3FCFD3}.Debug|Any CPU.ActiveCfg = Debug|Any CPU
		{74A39F16-A1E2-4E3F-8505-D2A96E3FCFD3}.Debug|Any CPU.Build.0 = Debug|Any CPU
		{74A39F16-A1E2-4E3F-8505-D2A96E3FCFD3}.Release|Any CPU.ActiveCfg = Release|Any CPU
		{74A39F16-A1E2-4E3F-8505-D2A96E3FCFD3}.Release|Any CPU.Build.0 = Release|Any CPU
		{DE8231B7-685A-40B6-B652-B08649A6A982}.Debug|Any CPU.ActiveCfg = Debug|Any CPU
		{DE8231B7-685A-40B6-B652-B08649A6A982}.Debug|Any CPU.Build.0 = Debug|Any CPU
		{DE8231B7-685A-40B6-B652-B08649A6A982}.Release|Any CPU.ActiveCfg = Release|Any CPU
		{DE8231B7-685A-40B6-B652-B08649A6A982}.Release|Any CPU.Build.0 = Release|Any CPU
		{77F3A672-8FC6-4B7A-A9B6-1444BCC1E3CB}.Debug|Any CPU.ActiveCfg = Debug|Any CPU
		{77F3A672-8FC6-4B7A-A9B6-1444BCC1E3CB}.Debug|Any CPU.Build.0 = Debug|Any CPU
		{77F3A672-8FC6-4B7A-A9B6-1444BCC1E3CB}.Release|Any CPU.ActiveCfg = Release|Any CPU
		{77F3A672-8FC6-4B7A-A9B6-1444BCC1E3CB}.Release|Any CPU.Build.0 = Release|Any CPU
		{EEDB093F-3DF3-4B04-B3AE-5699CF328B7C}.Debug|Any CPU.ActiveCfg = Debug|Any CPU
		{EEDB093F-3DF3-4B04-B3AE-5699CF328B7C}.Debug|Any CPU.Build.0 = Debug|Any CPU
		{EEDB093F-3DF3-4B04-B3AE-5699CF328B7C}.Release|Any CPU.ActiveCfg = Release|Any CPU
		{EEDB093F-3DF3-4B04-B3AE-5699CF328B7C}.Release|Any CPU.Build.0 = Release|Any CPU
	EndGlobalSection
	GlobalSection(SolutionProperties) = preSolution
		HideSolutionNode = FALSE
	EndGlobalSection
	GlobalSection(ExtensibilityGlobals) = postSolution
		SolutionGuid = {F34E74F8-12DF-46C4-A69E-64C092389474}
	EndGlobalSection
EndGlobal
